// !$*UTF8*$!
{
	archiveVersion = 1;
	classes = {
	};
	objectVersion = 63;
	objects = {

/* Begin PBXBuildFile section */
		3EE6B7774E9162B40D785C56 /* MoondreamApp.swift in Sources */ = {isa = PBXBuildFile; fileRef = 7565ED247D9CE3159F8E3B28 /* MoondreamApp.swift */; };
		3F8D29B1CB4F80F5B1D8D225 /* SkillTabBar.swift in Sources */ = {isa = PBXBuildFile; fileRef = 5B5E69CA500FF0A3E5BB7DAD /* SkillTabBar.swift */; };
		MAC0000100000000000000001 /* MacCameraService.swift in Sources */ = {isa = PBXBuildFile; fileRef = MACREF0100000000000001 /* MacCameraService.swift */; };
		MAC0000100000000000000002 /* CameraPreviewView.swift in Sources */ = {isa = PBXBuildFile; fileRef = MACREF0100000000000002 /* CameraPreviewView.swift */; };
		MAC0000100000000000000003 /* WebcamCaptureView.swift in Sources */ = {isa = PBXBuildFile; fileRef = MACREF0100000000000003 /* WebcamCaptureView.swift */; };
		SHARED010000000000000001 /* CaptureButton.swift in Sources */ = {isa = PBXBuildFile; fileRef = SHAREDREF0000000000001 /* CaptureButton.swift */; };
		SHARED010000000000000002 /* ClearButton.swift in Sources */ = {isa = PBXBuildFile; fileRef = SHAREDREF0000000000002 /* ClearButton.swift */; };
		42C978ECACED658F7495A26A /* ContentView.swift in Sources */ = {isa = PBXBuildFile; fileRef = 953493D9FF97FA18C6CB57F0 /* ContentView.swift */; };
		5833463BE9E188B0D60AC4FE /* EmptyStateView.swift in Sources */ = {isa = PBXBuildFile; fileRef = B486E2A80419FEEDFDCAF922 /* EmptyStateView.swift */; };
		6450A86B6B35F17E32066E18 /* ResultsView.swift in Sources */ = {isa = PBXBuildFile; fileRef = E89674AC79FAAA12BFD043A0 /* ResultsView.swift */; };
		6D099F908DA9EC35F17458ED /* OverlayModels.swift in Sources */ = {isa = PBXBuildFile; fileRef = 8023E1672CF029F67F0B8B3D /* OverlayModels.swift */; };
		86E3F7F787FF46BAEBA7FCFA /* ImagePanel.swift in Sources */ = {isa = PBXBuildFile; fileRef = 71A49240CE2889A924EB7B51 /* ImagePanel.swift */; };
		9481BB32833C660D6F7059FD /* ImageConverter.swift in Sources */ = {isa = PBXBuildFile; fileRef = 2B15239900F91452C36C5F10 /* ImageConverter.swift */; };
		9A84DC94662A377FBA8294BA /* MoondreamService.swift in Sources */ = {isa = PBXBuildFile; fileRef = 0F3A1117804DBF73FE69995A /* MoondreamService.swift */; };
		9BE5DE3E6434A0BD378463C6 /* ToolbarPanel.swift in Sources */ = {isa = PBXBuildFile; fileRef = 477BA8922767B32A7C9FBF7A /* ToolbarPanel.swift */; };
		A59C2BF0D23D57FDE238A379 /* InputField.swift in Sources */ = {isa = PBXBuildFile; fileRef = 2B91EA41A1DBBE152DAD789C /* InputField.swift */; };
		C3995A1D3B7B4F59A5B18736 /* ImageLoadedView.swift in Sources */ = {isa = PBXBuildFile; fileRef = 283971A210E1171265A40F61 /* ImageLoadedView.swift */; };
		D786A2942F1960B9006163BC /* MLX in Frameworks */ = {isa = PBXBuildFile; productRef = AA000002000000000000001A /* MLX */; };
		D786A2952F1960B9006163BC /* MLXNN in Frameworks */ = {isa = PBXBuildFile; productRef = AA000002000000000000001B /* MLXNN */; };
		D786A2962F1960B9006163BC /* MLXRandom in Frameworks */ = {isa = PBXBuildFile; productRef = AA000002000000000000001C /* MLXRandom */; };
		D786A2972F1960B9006163BC /* MLXFast in Frameworks */ = {isa = PBXBuildFile; productRef = AA000002000000000000001D /* MLXFast */; };
		D786A2982F1960B9006163BC /* MLXVLM in Frameworks */ = {isa = PBXBuildFile; productRef = AA000002000000000000001E /* MLXVLM */; };
		D786A2992F1960B9006163BC /* MLXLMCommon in Frameworks */ = {isa = PBXBuildFile; productRef = AA000002000000000000001F /* MLXLMCommon */; };
		D786A29A2F1960B9006163BC /* Hub in Frameworks */ = {isa = PBXBuildFile; productRef = AA000002000000000000002A /* Hub */; };
		D786A29B2F1960B9006163BC /* Tokenizers in Frameworks */ = {isa = PBXBuildFile; productRef = AA000002000000000000002B /* Tokenizers */; };
		D786A29C2F1960B9006163BC /* MoondreamKit in Frameworks */ = {isa = PBXBuildFile; productRef = MDKIT002000000000000001 /* MoondreamKit */; };
		D786A29D2F1960B9006163BC /* MLX in Frameworks */ = {isa = PBXBuildFile; productRef = IOSPKG0100000000000001 /* MLX */; };
		D786A29E2F1960B9006163BC /* MLXNN in Frameworks */ = {isa = PBXBuildFile; productRef = IOSPKG0100000000000002 /* MLXNN */; };
		D786A29F2F1960B9006163BC /* MLXRandom in Frameworks */ = {isa = PBXBuildFile; productRef = IOSPKG0100000000000003 /* MLXRandom */; };
		D786A2A02F1960B9006163BC /* MLXFast in Frameworks */ = {isa = PBXBuildFile; productRef = IOSPKG0100000000000004 /* MLXFast */; };
		D786A2A12F1960B9006163BC /* MLXVLM in Frameworks */ = {isa = PBXBuildFile; productRef = IOSPKG0100000000000005 /* MLXVLM */; };
		D786A2A22F1960B9006163BC /* MLXLMCommon in Frameworks */ = {isa = PBXBuildFile; productRef = IOSPKG0100000000000006 /* MLXLMCommon */; };
		D786A2A32F1960B9006163BC /* Hub in Frameworks */ = {isa = PBXBuildFile; productRef = IOSPKG0100000000000007 /* Hub */; };
		D786A2A42F1960B9006163BC /* Tokenizers in Frameworks */ = {isa = PBXBuildFile; productRef = IOSPKG0100000000000008 /* Tokenizers */; };
		D786A2A52F1960B9006163BC /* MoondreamKit in Frameworks */ = {isa = PBXBuildFile; productRef = MDKIT002000000000000002 /* MoondreamKit */; };
		EE000002000000000000001A /* ImageOverlay.swift in Sources */ = {isa = PBXBuildFile; fileRef = EE000001000000000000001A /* ImageOverlay.swift */; };
		F2C95B2DDEFDFC1E3AFDF514 /* Assets.xcassets in Resources */ = {isa = PBXBuildFile; fileRef = 7317A6871E66D01F2B73C468 /* Assets.xcassets */; };
		F3B2317FE1290B205195A9AD /* RunButton.swift in Sources */ = {isa = PBXBuildFile; fileRef = 33A53569BB17D09255C70EC1 /* RunButton.swift */; };
		IOS0000100000000000000001 /* MoondreamApp.swift in Sources */ = {isa = PBXBuildFile; fileRef = IOSREF0100000000000001 /* MoondreamApp.swift */; };
		IOS0000100000000000000002 /* CameraService.swift in Sources */ = {isa = PBXBuildFile; fileRef = IOSREF0100000000000002 /* CameraService.swift */; };
		IOS0000100000000000000003 /* ContentView.swift in Sources */ = {isa = PBXBuildFile; fileRef = IOSREF0100000000000003 /* ContentView.swift */; };
		IOS0000100000000000000004 /* CameraView.swift in Sources */ = {isa = PBXBuildFile; fileRef = IOSREF0100000000000004 /* CameraView.swift */; };
		IOS0000100000000000000005 /* CameraPreviewView.swift in Sources */ = {isa = PBXBuildFile; fileRef = IOSREF0100000000000005 /* CameraPreviewView.swift */; };
		IOS0000100000000000000006 /* FrozenImageView.swift in Sources */ = {isa = PBXBuildFile; fileRef = IOSREF0100000000000006 /* FrozenImageView.swift */; };
		IOS0000100000000000000007 /* ResultsSheet.swift in Sources */ = {isa = PBXBuildFile; fileRef = IOSREF0100000000000007 /* ResultsSheet.swift */; };
		IOS0000100000000000000008 /* SettingsSheet.swift in Sources */ = {isa = PBXBuildFile; fileRef = IOSREF0100000000000008 /* SettingsSheet.swift */; };
		IOS0000100000000000000009 /* DownloadProgressView.swift in Sources */ = {isa = PBXBuildFile; fileRef = IOSREF0100000000000009 /* DownloadProgressView.swift */; };
		IOS000010000000000000000A /* OverlayView.swift in Sources */ = {isa = PBXBuildFile; fileRef = IOSREF010000000000000A /* OverlayView.swift */; };
		IOS000010000000000000000B /* BoundingBoxView.swift in Sources */ = {isa = PBXBuildFile; fileRef = IOSREF010000000000000B /* BoundingBoxView.swift */; };
		IOS000010000000000000000C /* PointMarkerView.swift in Sources */ = {isa = PBXBuildFile; fileRef = IOSREF010000000000000C /* PointMarkerView.swift */; };
		IOS000010000000000000000D /* CaptureButton.swift in Sources */ = {isa = PBXBuildFile; fileRef = IOSREF010000000000000D /* CaptureButton.swift */; };
		IOS000010000000000000000E /* SettingsButton.swift in Sources */ = {isa = PBXBuildFile; fileRef = IOSREF010000000000000E /* SettingsButton.swift */; };
		IOS000010000000000000000F /* AppState.swift in Sources */ = {isa = PBXBuildFile; fileRef = IOSREF010000000000000F /* AppState.swift */; };
		IOS0000100000000000000010 /* OverlayDetailSheet.swift in Sources */ = {isa = PBXBuildFile; fileRef = IOSREF0100000000000010 /* OverlayDetailSheet.swift */; };
		IOS0000100000000000000011 /* ModelDownloadView.swift in Sources */ = {isa = PBXBuildFile; fileRef = IOSREF0100000000000011 /* ModelDownloadView.swift */; };
		IOS0000100000000000000012 /* ModelRow.swift in Sources */ = {isa = PBXBuildFile; fileRef = IOSREF0100000000000012 /* ModelRow.swift */; };
		IOS0000100000000000000013 /* CloseButton.swift in Sources */ = {isa = PBXBuildFile; fileRef = IOSREF0100000000000013 /* CloseButton.swift */; };
		IOS0000100000000000000014 /* SkillSelectorButton.swift in Sources */ = {isa = PBXBuildFile; fileRef = IOSREF0100000000000014 /* SkillSelectorButton.swift */; };
		IOS0000100000000000000015 /* InputModal.swift in Sources */ = {isa = PBXBuildFile; fileRef = IOSREF0100000000000015 /* InputModal.swift */; };
		IOS0000200000000000000001 /* Assets.xcassets in Resources */ = {isa = PBXBuildFile; fileRef = 7317A6871E66D01F2B73C468 /* Assets.xcassets */; };
		IOS0000300000000000000003 /* OverlayModels.swift in Sources */ = {isa = PBXBuildFile; fileRef = 8023E1672CF029F67F0B8B3D /* OverlayModels.swift */; };
		IOS0000300000000000000005 /* MoondreamService.swift in Sources */ = {isa = PBXBuildFile; fileRef = 0F3A1117804DBF73FE69995A /* MoondreamService.swift */; };
		IOS0000300000000000000006 /* ImageConverter.swift in Sources */ = {isa = PBXBuildFile; fileRef = 2B15239900F91452C36C5F10 /* ImageConverter.swift */; };
/* End PBXBuildFile section */

/* Begin PBXFileReference section */
		0F3A1117804DBF73FE69995A /* MoondreamService.swift */ = {isa = PBXFileReference; lastKnownFileType = sourcecode.swift; path = MoondreamService.swift; sourceTree = "<group>"; };
		MACREF0100000000000001 /* MacCameraService.swift */ = {isa = PBXFileReference; lastKnownFileType = sourcecode.swift; path = MacCameraService.swift; sourceTree = "<group>"; };
		MACREF0100000000000002 /* CameraPreviewView.swift */ = {isa = PBXFileReference; lastKnownFileType = sourcecode.swift; path = CameraPreviewView.swift; sourceTree = "<group>"; };
		MACREF0100000000000003 /* WebcamCaptureView.swift */ = {isa = PBXFileReference; lastKnownFileType = sourcecode.swift; path = WebcamCaptureView.swift; sourceTree = "<group>"; };
		SHAREDREF0000000000001 /* CaptureButton.swift */ = {isa = PBXFileReference; lastKnownFileType = sourcecode.swift; path = CaptureButton.swift; sourceTree = "<group>"; };
		SHAREDREF0000000000002 /* ClearButton.swift */ = {isa = PBXFileReference; lastKnownFileType = sourcecode.swift; path = ClearButton.swift; sourceTree = "<group>"; };
		283971A210E1171265A40F61 /* ImageLoadedView.swift */ = {isa = PBXFileReference; lastKnownFileType = sourcecode.swift; path = ImageLoadedView.swift; sourceTree = "<group>"; };
		2B15239900F91452C36C5F10 /* ImageConverter.swift */ = {isa = PBXFileReference; lastKnownFileType = sourcecode.swift; path = ImageConverter.swift; sourceTree = "<group>"; };
		2B91EA41A1DBBE152DAD789C /* InputField.swift */ = {isa = PBXFileReference; lastKnownFileType = sourcecode.swift; path = InputField.swift; sourceTree = "<group>"; };
		33A53569BB17D09255C70EC1 /* RunButton.swift */ = {isa = PBXFileReference; lastKnownFileType = sourcecode.swift; path = RunButton.swift; sourceTree = "<group>"; };
		477BA8922767B32A7C9FBF7A /* ToolbarPanel.swift */ = {isa = PBXFileReference; lastKnownFileType = sourcecode.swift; path = ToolbarPanel.swift; sourceTree = "<group>"; };
		58D301DDB2E4583D2E57D50E /* MoondreamMac.app */ = {isa = PBXFileReference; explicitFileType = wrapper.application; includeInIndex = 0; path = MoondreamMac.app; sourceTree = BUILT_PRODUCTS_DIR; };
		5B5E69CA500FF0A3E5BB7DAD /* SkillTabBar.swift */ = {isa = PBXFileReference; lastKnownFileType = sourcecode.swift; path = SkillTabBar.swift; sourceTree = "<group>"; };
		71A49240CE2889A924EB7B51 /* ImagePanel.swift */ = {isa = PBXFileReference; lastKnownFileType = sourcecode.swift; path = ImagePanel.swift; sourceTree = "<group>"; };
		7317A6871E66D01F2B73C468 /* Assets.xcassets */ = {isa = PBXFileReference; lastKnownFileType = folder.assetcatalog; path = Assets.xcassets; sourceTree = SOURCE_ROOT; };
		7565ED247D9CE3159F8E3B28 /* MoondreamApp.swift */ = {isa = PBXFileReference; lastKnownFileType = sourcecode.swift; path = MoondreamApp.swift; sourceTree = "<group>"; };
		8023E1672CF029F67F0B8B3D /* OverlayModels.swift */ = {isa = PBXFileReference; lastKnownFileType = sourcecode.swift; path = OverlayModels.swift; sourceTree = "<group>"; };
		953493D9FF97FA18C6CB57F0 /* ContentView.swift */ = {isa = PBXFileReference; lastKnownFileType = sourcecode.swift; path = ContentView.swift; sourceTree = "<group>"; };
		B486E2A80419FEEDFDCAF922 /* EmptyStateView.swift */ = {isa = PBXFileReference; lastKnownFileType = sourcecode.swift; path = EmptyStateView.swift; sourceTree = "<group>"; };
		E89674AC79FAAA12BFD043A0 /* ResultsView.swift */ = {isa = PBXFileReference; lastKnownFileType = sourcecode.swift; path = ResultsView.swift; sourceTree = "<group>"; };
		EE000001000000000000001A /* ImageOverlay.swift */ = {isa = PBXFileReference; lastKnownFileType = sourcecode.swift; path = ImageOverlay.swift; sourceTree = "<group>"; };
		IOSREF0100000000000001 /* MoondreamApp.swift */ = {isa = PBXFileReference; lastKnownFileType = sourcecode.swift; path = MoondreamApp.swift; sourceTree = "<group>"; };
		IOSREF0100000000000002 /* CameraService.swift */ = {isa = PBXFileReference; lastKnownFileType = sourcecode.swift; path = CameraService.swift; sourceTree = "<group>"; };
		IOSREF0100000000000003 /* ContentView.swift */ = {isa = PBXFileReference; lastKnownFileType = sourcecode.swift; path = ContentView.swift; sourceTree = "<group>"; };
		IOSREF0100000000000004 /* CameraView.swift */ = {isa = PBXFileReference; lastKnownFileType = sourcecode.swift; path = CameraView.swift; sourceTree = "<group>"; };
		IOSREF0100000000000005 /* CameraPreviewView.swift */ = {isa = PBXFileReference; lastKnownFileType = sourcecode.swift; path = CameraPreviewView.swift; sourceTree = "<group>"; };
		IOSREF0100000000000006 /* FrozenImageView.swift */ = {isa = PBXFileReference; lastKnownFileType = sourcecode.swift; path = FrozenImageView.swift; sourceTree = "<group>"; };
		IOSREF0100000000000007 /* ResultsSheet.swift */ = {isa = PBXFileReference; lastKnownFileType = sourcecode.swift; path = ResultsSheet.swift; sourceTree = "<group>"; };
		IOSREF0100000000000008 /* SettingsSheet.swift */ = {isa = PBXFileReference; lastKnownFileType = sourcecode.swift; path = SettingsSheet.swift; sourceTree = "<group>"; };
		IOSREF0100000000000009 /* DownloadProgressView.swift */ = {isa = PBXFileReference; lastKnownFileType = sourcecode.swift; path = DownloadProgressView.swift; sourceTree = "<group>"; };
		IOSREF010000000000000A /* OverlayView.swift */ = {isa = PBXFileReference; lastKnownFileType = sourcecode.swift; path = OverlayView.swift; sourceTree = "<group>"; };
		IOSREF010000000000000B /* BoundingBoxView.swift */ = {isa = PBXFileReference; lastKnownFileType = sourcecode.swift; path = BoundingBoxView.swift; sourceTree = "<group>"; };
		IOSREF010000000000000C /* PointMarkerView.swift */ = {isa = PBXFileReference; lastKnownFileType = sourcecode.swift; path = PointMarkerView.swift; sourceTree = "<group>"; };
		IOSREF010000000000000D /* CaptureButton.swift */ = {isa = PBXFileReference; lastKnownFileType = sourcecode.swift; path = CaptureButton.swift; sourceTree = "<group>"; };
		IOSREF010000000000000E /* SettingsButton.swift */ = {isa = PBXFileReference; lastKnownFileType = sourcecode.swift; path = SettingsButton.swift; sourceTree = "<group>"; };
		IOSREF010000000000000F /* AppState.swift */ = {isa = PBXFileReference; lastKnownFileType = sourcecode.swift; path = AppState.swift; sourceTree = "<group>"; };
		IOSREF0100000000000010 /* OverlayDetailSheet.swift */ = {isa = PBXFileReference; lastKnownFileType = sourcecode.swift; path = OverlayDetailSheet.swift; sourceTree = "<group>"; };
		IOSREF0100000000000011 /* ModelDownloadView.swift */ = {isa = PBXFileReference; lastKnownFileType = sourcecode.swift; path = ModelDownloadView.swift; sourceTree = "<group>"; };
		IOSREF0100000000000012 /* ModelRow.swift */ = {isa = PBXFileReference; lastKnownFileType = sourcecode.swift; path = ModelRow.swift; sourceTree = "<group>"; };
		IOSREF0100000000000013 /* CloseButton.swift */ = {isa = PBXFileReference; lastKnownFileType = sourcecode.swift; path = CloseButton.swift; sourceTree = "<group>"; };
		IOSREF0100000000000014 /* SkillSelectorButton.swift */ = {isa = PBXFileReference; lastKnownFileType = sourcecode.swift; path = SkillSelectorButton.swift; sourceTree = "<group>"; };
		IOSREF0100000000000015 /* InputModal.swift */ = {isa = PBXFileReference; lastKnownFileType = sourcecode.swift; path = InputModal.swift; sourceTree = "<group>"; };
		IOSREF0300000000000001 /* Moondream.app */ = {isa = PBXFileReference; explicitFileType = wrapper.application; includeInIndex = 0; path = Moondream.app; sourceTree = BUILT_PRODUCTS_DIR; };
/* End PBXFileReference section */

/* Begin PBXFrameworksBuildPhase section */
		DD000001000000000000001A /* Frameworks */ = {
			isa = PBXFrameworksBuildPhase;
			buildActionMask = 2147483647;
			files = (
				D786A29C2F1960B9006163BC /* MoondreamKit in Frameworks */,
				D786A29B2F1960B9006163BC /* Tokenizers in Frameworks */,
				D786A29A2F1960B9006163BC /* Hub in Frameworks */,
				D786A2992F1960B9006163BC /* MLXLMCommon in Frameworks */,
				D786A2982F1960B9006163BC /* MLXVLM in Frameworks */,
				D786A2972F1960B9006163BC /* MLXFast in Frameworks */,
				D786A2962F1960B9006163BC /* MLXRandom in Frameworks */,
				D786A2952F1960B9006163BC /* MLXNN in Frameworks */,
				D786A2942F1960B9006163BC /* MLX in Frameworks */,
			);
			runOnlyForDeploymentPostprocessing = 0;
		};
		IOSFRM0100000000000001 /* Frameworks */ = {
			isa = PBXFrameworksBuildPhase;
			buildActionMask = 2147483647;
			files = (
				D786A2A52F1960B9006163BC /* MoondreamKit in Frameworks */,
				D786A2A42F1960B9006163BC /* Tokenizers in Frameworks */,
				D786A2A32F1960B9006163BC /* Hub in Frameworks */,
				D786A2A22F1960B9006163BC /* MLXLMCommon in Frameworks */,
				D786A2A12F1960B9006163BC /* MLXVLM in Frameworks */,
				D786A2A02F1960B9006163BC /* MLXFast in Frameworks */,
				D786A29F2F1960B9006163BC /* MLXRandom in Frameworks */,
				D786A29E2F1960B9006163BC /* MLXNN in Frameworks */,
				D786A29D2F1960B9006163BC /* MLX in Frameworks */,
			);
			runOnlyForDeploymentPostprocessing = 0;
		};
/* End PBXFrameworksBuildPhase section */

/* Begin PBXGroup section */
		06C6ACBD11766C96EDB3F640 /* macOS */ = {
			isa = PBXGroup;
			children = (
				7565ED247D9CE3159F8E3B28 /* MoondreamApp.swift */,
				5B68BF0EF51DED5DBED818DC /* Components */,
				MACGRP0100000000000001 /* Services */,
				F77B7C71058041ACFB9CA530 /* Views */,
			);
			path = macOS;
			sourceTree = "<group>";
		};
		MACGRP0100000000000001 /* Services */ = {
			isa = PBXGroup;
			children = (
				MACREF0100000000000001 /* MacCameraService.swift */,
			);
			path = Services;
			sourceTree = "<group>";
		};
		2927B0F85CB0D25CAC3F4988 /* Products */ = {
			isa = PBXGroup;
			children = (
				58D301DDB2E4583D2E57D50E /* MoondreamMac.app */,
				IOSREF0300000000000001 /* Moondream.app */,
			);
			name = Products;
			sourceTree = "<group>";
		};
		420DF00033AEEF6B43A8FAD8 /* Models */ = {
			isa = PBXGroup;
			children = (
				8023E1672CF029F67F0B8B3D /* OverlayModels.swift */,
			);
			path = Models;
			sourceTree = "<group>";
		};
		5B68BF0EF51DED5DBED818DC /* Components */ = {
			isa = PBXGroup;
			children = (
				EE000001000000000000001A /* ImageOverlay.swift */,
				2B91EA41A1DBBE152DAD789C /* InputField.swift */,
				E89674AC79FAAA12BFD043A0 /* ResultsView.swift */,
				33A53569BB17D09255C70EC1 /* RunButton.swift */,
				5B5E69CA500FF0A3E5BB7DAD /* SkillTabBar.swift */,
			);
			path = Components;
			sourceTree = "<group>";
		};
		708CC0B251BB81AF6429AB85 = {
			isa = PBXGroup;
			children = (
				7317A6871E66D01F2B73C468 /* Assets.xcassets */,
				C084191945CE16214D380E28 /* Sources */,
				2927B0F85CB0D25CAC3F4988 /* Products */,
			);
			sourceTree = "<group>";
		};
		B4E3D72DDDEF8C56EE2760DA /* Utilities */ = {
			isa = PBXGroup;
			children = (
				2B15239900F91452C36C5F10 /* ImageConverter.swift */,
			);
			path = Utilities;
			sourceTree = "<group>";
		};
		BBB544E8D42E706765C0579F /* Services */ = {
			isa = PBXGroup;
			children = (
				0F3A1117804DBF73FE69995A /* MoondreamService.swift */,
			);
			path = Services;
			sourceTree = "<group>";
		};
		C084191945CE16214D380E28 /* Sources */ = {
			isa = PBXGroup;
			children = (
				SHARED00000000000000001 /* Shared */,
				06C6ACBD11766C96EDB3F640 /* macOS */,
				IOSGRP0100000000000001 /* iOS */,
			);
			path = Sources;
			sourceTree = "<group>";
		};
		F77B7C71058041ACFB9CA530 /* Views */ = {
			isa = PBXGroup;
			children = (
				MACREF0100000000000002 /* CameraPreviewView.swift */,
				953493D9FF97FA18C6CB57F0 /* ContentView.swift */,
				B486E2A80419FEEDFDCAF922 /* EmptyStateView.swift */,
				283971A210E1171265A40F61 /* ImageLoadedView.swift */,
				71A49240CE2889A924EB7B51 /* ImagePanel.swift */,
				477BA8922767B32A7C9FBF7A /* ToolbarPanel.swift */,
				MACREF0100000000000003 /* WebcamCaptureView.swift */,
			);
			path = Views;
			sourceTree = "<group>";
		};
		IOSGRP0100000000000001 /* iOS */ = {
			isa = PBXGroup;
			children = (
				IOSREF0100000000000001 /* MoondreamApp.swift */,
				IOSGRP0500000000000001 /* Models */,
				IOSGRP0200000000000001 /* Services */,
				IOSGRP0300000000000001 /* Views */,
				IOSGRP0400000000000001 /* Components */,
			);
			path = iOS;
			sourceTree = "<group>";
		};
		IOSGRP0200000000000001 /* Services */ = {
			isa = PBXGroup;
			children = (
				IOSREF0100000000000002 /* CameraService.swift */,
			);
			path = Services;
			sourceTree = "<group>";
		};
		IOSGRP0300000000000001 /* Views */ = {
			isa = PBXGroup;
			children = (
				IOSREF0100000000000003 /* ContentView.swift */,
				IOSREF0100000000000004 /* CameraView.swift */,
				IOSREF0100000000000005 /* CameraPreviewView.swift */,
				IOSREF0100000000000006 /* FrozenImageView.swift */,
				IOSREF0100000000000007 /* ResultsSheet.swift */,
				IOSREF0100000000000008 /* SettingsSheet.swift */,
				IOSREF0100000000000009 /* DownloadProgressView.swift */,
				IOSREF010000000000000A /* OverlayView.swift */,
				IOSREF0100000000000010 /* OverlayDetailSheet.swift */,
				IOSREF0100000000000011 /* ModelDownloadView.swift */,
				IOSREF0100000000000015 /* InputModal.swift */,
			);
			path = Views;
			sourceTree = "<group>";
		};
		IOSGRP0400000000000001 /* Components */ = {
			isa = PBXGroup;
			children = (
				IOSREF010000000000000B /* BoundingBoxView.swift */,
				IOSREF010000000000000C /* PointMarkerView.swift */,
				IOSREF010000000000000D /* CaptureButton.swift */,
				IOSREF0100000000000013 /* CloseButton.swift */,
				IOSREF010000000000000E /* SettingsButton.swift */,
				IOSREF0100000000000014 /* SkillSelectorButton.swift */,
				IOSREF0100000000000012 /* ModelRow.swift */,
			);
			path = Components;
			sourceTree = "<group>";
		};
		IOSGRP0500000000000001 /* Models */ = {
			isa = PBXGroup;
			children = (
				IOSREF010000000000000F /* AppState.swift */,
			);
			path = Models;
			sourceTree = "<group>";
		};
		SHARED00000000000000001 /* Shared */ = {
			isa = PBXGroup;
			children = (
				SHAREDGRP000000000001 /* Components */,
				420DF00033AEEF6B43A8FAD8 /* Models */,
				BBB544E8D42E706765C0579F /* Services */,
				B4E3D72DDDEF8C56EE2760DA /* Utilities */,
			);
			path = Shared;
			sourceTree = "<group>";
		};
		SHAREDGRP000000000001 /* Components */ = {
			isa = PBXGroup;
			children = (
				SHAREDREF0000000000001 /* CaptureButton.swift */,
				SHAREDREF0000000000002 /* ClearButton.swift */,
			);
			path = Components;
			sourceTree = "<group>";
		};
/* End PBXGroup section */

/* Begin PBXNativeTarget section */
		155FCE5AEE94C63462C1D5A6 /* MoondreamMac */ = {
			isa = PBXNativeTarget;
			buildConfigurationList = 0D2F9ED1B3A34212B3146281 /* Build configuration list for PBXNativeTarget "MoondreamMac" */;
			buildPhases = (
				4285A3EF25A3A271FB07B14E /* Sources */,
				DD000001000000000000001A /* Frameworks */,
				0BA00470B132622F41BE1C13 /* Resources */,
			);
			buildRules = (
			);
			dependencies = (
			);
			name = MoondreamMac;
			packageProductDependencies = (
				AA000002000000000000001A /* MLX */,
				AA000002000000000000001B /* MLXNN */,
				AA000002000000000000001C /* MLXRandom */,
				AA000002000000000000001D /* MLXFast */,
				AA000002000000000000001E /* MLXVLM */,
				AA000002000000000000001F /* MLXLMCommon */,
				AA000002000000000000002A /* Hub */,
				AA000002000000000000002B /* Tokenizers */,
				MDKIT002000000000000001 /* MoondreamKit */,
			);
			productName = MoondreamMac;
			productReference = 58D301DDB2E4583D2E57D50E /* MoondreamMac.app */;
			productType = "com.apple.product-type.application";
		};
		IOSTGT0100000000000001 /* Moondream-iOS */ = {
			isa = PBXNativeTarget;
			buildConfigurationList = IOSCFG0100000000000001 /* Build configuration list for PBXNativeTarget "Moondream-iOS" */;
			buildPhases = (
				IOSSRC0100000000000001 /* Sources */,
				IOSFRM0100000000000001 /* Frameworks */,
				IOSRES0100000000000001 /* Resources */,
			);
			buildRules = (
			);
			dependencies = (
			);
			name = "Moondream-iOS";
			packageProductDependencies = (
				IOSPKG0100000000000001 /* MLX */,
				IOSPKG0100000000000002 /* MLXNN */,
				IOSPKG0100000000000003 /* MLXRandom */,
				IOSPKG0100000000000004 /* MLXFast */,
				IOSPKG0100000000000005 /* MLXVLM */,
				IOSPKG0100000000000006 /* MLXLMCommon */,
				IOSPKG0100000000000007 /* Hub */,
				IOSPKG0100000000000008 /* Tokenizers */,
				MDKIT002000000000000002 /* MoondreamKit */,
			);
			productName = Moondream;
			productReference = IOSREF0300000000000001 /* Moondream.app */;
			productType = "com.apple.product-type.application";
		};
/* End PBXNativeTarget section */

/* Begin PBXProject section */
		C2BBD80D9B75FF591807768F /* Project object */ = {
			isa = PBXProject;
			attributes = {
				BuildIndependentTargetsInParallel = YES;
				LastUpgradeCheck = 1600;
				TargetAttributes = {
					155FCE5AEE94C63462C1D5A6 = {
						ProvisioningStyle = Automatic;
					};
					IOSTGT0100000000000001 = {
						ProvisioningStyle = Automatic;
					};
				};
			};
			buildConfigurationList = 7E8F53E540D29BC4BB697A2D /* Build configuration list for PBXProject "Moondream" */;
			compatibilityVersion = "Xcode 14.0";
			developmentRegion = en;
			hasScannedForEncodings = 0;
			knownRegions = (
				Base,
				en,
			);
			mainGroup = 708CC0B251BB81AF6429AB85;
			minimizedProjectReferenceProxies = 1;
			packageReferences = (
				AA000001000000000000001A /* XCRemoteSwiftPackageReference "mlx-swift" */,
				AA000001000000000000001B /* XCRemoteSwiftPackageReference "mlx-swift-examples" */,
				AA000001000000000000001C /* XCRemoteSwiftPackageReference "swift-transformers" */,
				MDKIT001000000000000001 /* XCLocalSwiftPackageReference "../MoondreamKit" */,
			);
			projectDirPath = "";
			projectRoot = "";
			targets = (
				155FCE5AEE94C63462C1D5A6 /* MoondreamMac */,
				IOSTGT0100000000000001 /* Moondream-iOS */,
			);
		};
/* End PBXProject section */

/* Begin PBXResourcesBuildPhase section */
		0BA00470B132622F41BE1C13 /* Resources */ = {
			isa = PBXResourcesBuildPhase;
			buildActionMask = 2147483647;
			files = (
				F2C95B2DDEFDFC1E3AFDF514 /* Assets.xcassets in Resources */,
			);
			runOnlyForDeploymentPostprocessing = 0;
		};
		IOSRES0100000000000001 /* Resources */ = {
			isa = PBXResourcesBuildPhase;
			buildActionMask = 2147483647;
			files = (
				IOS0000200000000000000001 /* Assets.xcassets in Resources */,
			);
			runOnlyForDeploymentPostprocessing = 0;
		};
/* End PBXResourcesBuildPhase section */

/* Begin PBXSourcesBuildPhase section */
		4285A3EF25A3A271FB07B14E /* Sources */ = {
			isa = PBXSourcesBuildPhase;
			buildActionMask = 2147483647;
			files = (
				MAC0000100000000000000002 /* CameraPreviewView.swift in Sources */,
				SHARED010000000000000001 /* CaptureButton.swift in Sources */,
				SHARED010000000000000002 /* ClearButton.swift in Sources */,
				42C978ECACED658F7495A26A /* ContentView.swift in Sources */,
				5833463BE9E188B0D60AC4FE /* EmptyStateView.swift in Sources */,
				9481BB32833C660D6F7059FD /* ImageConverter.swift in Sources */,
				C3995A1D3B7B4F59A5B18736 /* ImageLoadedView.swift in Sources */,
				86E3F7F787FF46BAEBA7FCFA /* ImagePanel.swift in Sources */,
				A59C2BF0D23D57FDE238A379 /* InputField.swift in Sources */,
				MAC0000100000000000000001 /* MacCameraService.swift in Sources */,
				3EE6B7774E9162B40D785C56 /* MoondreamApp.swift in Sources */,
				9A84DC94662A377FBA8294BA /* MoondreamService.swift in Sources */,
				6D099F908DA9EC35F17458ED /* OverlayModels.swift in Sources */,
				6450A86B6B35F17E32066E18 /* ResultsView.swift in Sources */,
				F3B2317FE1290B205195A9AD /* RunButton.swift in Sources */,
				3F8D29B1CB4F80F5B1D8D225 /* SkillTabBar.swift in Sources */,
				9BE5DE3E6434A0BD378463C6 /* ToolbarPanel.swift in Sources */,
				EE000002000000000000001A /* ImageOverlay.swift in Sources */,
				MAC0000100000000000000003 /* WebcamCaptureView.swift in Sources */,
			);
			runOnlyForDeploymentPostprocessing = 0;
		};
		IOSSRC0100000000000001 /* Sources */ = {
			isa = PBXSourcesBuildPhase;
			buildActionMask = 2147483647;
			files = (
				IOS0000100000000000000001 /* MoondreamApp.swift in Sources */,
				IOS0000100000000000000002 /* CameraService.swift in Sources */,
				IOS0000100000000000000003 /* ContentView.swift in Sources */,
				IOS0000100000000000000004 /* CameraView.swift in Sources */,
				IOS0000100000000000000005 /* CameraPreviewView.swift in Sources */,
				IOS0000100000000000000006 /* FrozenImageView.swift in Sources */,
				IOS0000100000000000000007 /* ResultsSheet.swift in Sources */,
				IOS0000100000000000000008 /* SettingsSheet.swift in Sources */,
				IOS0000100000000000000009 /* DownloadProgressView.swift in Sources */,
				IOS000010000000000000000A /* OverlayView.swift in Sources */,
				IOS0000100000000000000010 /* OverlayDetailSheet.swift in Sources */,
				IOS0000100000000000000011 /* ModelDownloadView.swift in Sources */,
				IOS0000100000000000000012 /* ModelRow.swift in Sources */,
				IOS000010000000000000000B /* BoundingBoxView.swift in Sources */,
				IOS000010000000000000000C /* PointMarkerView.swift in Sources */,
				IOS000010000000000000000D /* CaptureButton.swift in Sources */,
				IOS0000100000000000000013 /* CloseButton.swift in Sources */,
				IOS0000100000000000000014 /* SkillSelectorButton.swift in Sources */,
				IOS0000100000000000000015 /* InputModal.swift in Sources */,
				IOS000010000000000000000E /* SettingsButton.swift in Sources */,
				IOS000010000000000000000F /* AppState.swift in Sources */,
				IOS0000300000000000000003 /* OverlayModels.swift in Sources */,
				IOS0000300000000000000005 /* MoondreamService.swift in Sources */,
				IOS0000300000000000000006 /* ImageConverter.swift in Sources */,
			);
			runOnlyForDeploymentPostprocessing = 0;
		};
/* End PBXSourcesBuildPhase section */

/* Begin XCBuildConfiguration section */
		30FF2466F21FC06A25A150F1 /* Debug */ = {
			isa = XCBuildConfiguration;
			buildSettings = {
				ASSETCATALOG_COMPILER_APPICON_NAME = AppIcon;
				CODE_SIGNING_ALLOWED = NO;
				CODE_SIGNING_REQUIRED = NO;
				CODE_SIGN_IDENTITY = "-";
				CODE_SIGN_STYLE = Automatic;
				COMBINE_HIDPI_IMAGES = YES;
				CURRENT_PROJECT_VERSION = 1;
				ENABLE_HARDENED_RUNTIME = NO;
				GENERATE_INFOPLIST_FILE = NO;
				INFOPLIST_FILE = App/Info.plist;
				INFOPLIST_KEY_LSApplicationCategoryType = "public.app-category.productivity";
				LD_RUNPATH_SEARCH_PATHS = (
					"$(inherited)",
					"@executable_path/../Frameworks",
				);
				MARKETING_VERSION = 1.0;
				PRODUCT_BUNDLE_IDENTIFIER = com.moondream.mac;
				SDKROOT = macosx;
				SWIFT_VERSION = 6.0;
			};
			name = Debug;
		};
		554FB15C1A85043540A8C3BC /* Debug */ = {
			isa = XCBuildConfiguration;
			buildSettings = {
				ALWAYS_SEARCH_USER_PATHS = NO;
				CLANG_ANALYZER_NONNULL = YES;
				CLANG_ANALYZER_NUMBER_OBJECT_CONVERSION = YES_AGGRESSIVE;
				CLANG_CXX_LANGUAGE_STANDARD = "gnu++14";
				CLANG_CXX_LIBRARY = "libc++";
				CLANG_ENABLE_MODULES = YES;
				CLANG_ENABLE_OBJC_ARC = YES;
				CLANG_ENABLE_OBJC_WEAK = YES;
				CLANG_WARN_BLOCK_CAPTURE_AUTORELEASING = YES;
				CLANG_WARN_BOOL_CONVERSION = YES;
				CLANG_WARN_COMMA = YES;
				CLANG_WARN_CONSTANT_CONVERSION = YES;
				CLANG_WARN_DEPRECATED_OBJC_IMPLEMENTATIONS = YES;
				CLANG_WARN_DIRECT_OBJC_ISA_USAGE = YES_ERROR;
				CLANG_WARN_DOCUMENTATION_COMMENTS = YES;
				CLANG_WARN_EMPTY_BODY = YES;
				CLANG_WARN_ENUM_CONVERSION = YES;
				CLANG_WARN_INFINITE_RECURSION = YES;
				CLANG_WARN_INT_CONVERSION = YES;
				CLANG_WARN_NON_LITERAL_NULL_CONVERSION = YES;
				CLANG_WARN_OBJC_IMPLICIT_RETAIN_SELF = YES;
				CLANG_WARN_OBJC_LITERAL_CONVERSION = YES;
				CLANG_WARN_OBJC_ROOT_CLASS = YES_ERROR;
				CLANG_WARN_QUOTED_INCLUDE_IN_FRAMEWORK_HEADER = YES;
				CLANG_WARN_RANGE_LOOP_ANALYSIS = YES;
				CLANG_WARN_STRICT_PROTOTYPES = YES;
				CLANG_WARN_SUSPICIOUS_MOVE = YES;
				CLANG_WARN_UNGUARDED_AVAILABILITY = YES_AGGRESSIVE;
				CLANG_WARN_UNREACHABLE_CODE = YES;
				CLANG_WARN__DUPLICATE_METHOD_MATCH = YES;
				COPY_PHASE_STRIP = NO;
				DEBUG_INFORMATION_FORMAT = dwarf;
				ENABLE_STRICT_OBJC_MSGSEND = YES;
				ENABLE_TESTABILITY = YES;
				GCC_C_LANGUAGE_STANDARD = gnu11;
				GCC_DYNAMIC_NO_PIC = NO;
				GCC_NO_COMMON_BLOCKS = YES;
				GCC_OPTIMIZATION_LEVEL = 0;
				GCC_PREPROCESSOR_DEFINITIONS = (
					"$(inherited)",
					"DEBUG=1",
				);
				GCC_WARN_64_TO_32_BIT_CONVERSION = YES;
				GCC_WARN_ABOUT_RETURN_TYPE = YES_ERROR;
				GCC_WARN_UNDECLARED_SELECTOR = YES;
				GCC_WARN_UNINITIALIZED_AUTOS = YES_AGGRESSIVE;
				GCC_WARN_UNUSED_FUNCTION = YES;
				GCC_WARN_UNUSED_VARIABLE = YES;
				MACOSX_DEPLOYMENT_TARGET = 15.0;
				MTL_ENABLE_DEBUG_INFO = INCLUDE_SOURCE;
				MTL_FAST_MATH = YES;
				ONLY_ACTIVE_ARCH = YES;
				PRODUCT_NAME = "$(TARGET_NAME)";
				SDKROOT = macosx;
				SWIFT_ACTIVE_COMPILATION_CONDITIONS = DEBUG;
				SWIFT_OPTIMIZATION_LEVEL = "-Onone";
				SWIFT_VERSION = 5.0;
			};
			name = Debug;
		};
		69A2ED51D5A73549E894D90D /* Release */ = {
			isa = XCBuildConfiguration;
			buildSettings = {
				ALWAYS_SEARCH_USER_PATHS = NO;
				CLANG_ANALYZER_NONNULL = YES;
				CLANG_ANALYZER_NUMBER_OBJECT_CONVERSION = YES_AGGRESSIVE;
				CLANG_CXX_LANGUAGE_STANDARD = "gnu++14";
				CLANG_CXX_LIBRARY = "libc++";
				CLANG_ENABLE_MODULES = YES;
				CLANG_ENABLE_OBJC_ARC = YES;
				CLANG_ENABLE_OBJC_WEAK = YES;
				CLANG_WARN_BLOCK_CAPTURE_AUTORELEASING = YES;
				CLANG_WARN_BOOL_CONVERSION = YES;
				CLANG_WARN_COMMA = YES;
				CLANG_WARN_CONSTANT_CONVERSION = YES;
				CLANG_WARN_DEPRECATED_OBJC_IMPLEMENTATIONS = YES;
				CLANG_WARN_DIRECT_OBJC_ISA_USAGE = YES_ERROR;
				CLANG_WARN_DOCUMENTATION_COMMENTS = YES;
				CLANG_WARN_EMPTY_BODY = YES;
				CLANG_WARN_ENUM_CONVERSION = YES;
				CLANG_WARN_INFINITE_RECURSION = YES;
				CLANG_WARN_INT_CONVERSION = YES;
				CLANG_WARN_NON_LITERAL_NULL_CONVERSION = YES;
				CLANG_WARN_OBJC_IMPLICIT_RETAIN_SELF = YES;
				CLANG_WARN_OBJC_LITERAL_CONVERSION = YES;
				CLANG_WARN_OBJC_ROOT_CLASS = YES_ERROR;
				CLANG_WARN_QUOTED_INCLUDE_IN_FRAMEWORK_HEADER = YES;
				CLANG_WARN_RANGE_LOOP_ANALYSIS = YES;
				CLANG_WARN_STRICT_PROTOTYPES = YES;
				CLANG_WARN_SUSPICIOUS_MOVE = YES;
				CLANG_WARN_UNGUARDED_AVAILABILITY = YES_AGGRESSIVE;
				CLANG_WARN_UNREACHABLE_CODE = YES;
				CLANG_WARN__DUPLICATE_METHOD_MATCH = YES;
				COPY_PHASE_STRIP = NO;
				DEBUG_INFORMATION_FORMAT = "dwarf-with-dsym";
				ENABLE_NS_ASSERTIONS = NO;
				ENABLE_STRICT_OBJC_MSGSEND = YES;
				GCC_C_LANGUAGE_STANDARD = gnu11;
				GCC_NO_COMMON_BLOCKS = YES;
				GCC_WARN_64_TO_32_BIT_CONVERSION = YES;
				GCC_WARN_ABOUT_RETURN_TYPE = YES_ERROR;
				GCC_WARN_UNDECLARED_SELECTOR = YES;
				GCC_WARN_UNINITIALIZED_AUTOS = YES_AGGRESSIVE;
				GCC_WARN_UNUSED_FUNCTION = YES;
				GCC_WARN_UNUSED_VARIABLE = YES;
				MACOSX_DEPLOYMENT_TARGET = 15.0;
				MTL_ENABLE_DEBUG_INFO = NO;
				MTL_FAST_MATH = YES;
				PRODUCT_NAME = "$(TARGET_NAME)";
				SDKROOT = macosx;
				SWIFT_COMPILATION_MODE = wholemodule;
				SWIFT_OPTIMIZATION_LEVEL = "-O";
				SWIFT_VERSION = 5.0;
			};
			name = Release;
		};
		8D9EB1B0311E1EB8323DB150 /* Release */ = {
			isa = XCBuildConfiguration;
			buildSettings = {
				ASSETCATALOG_COMPILER_APPICON_NAME = AppIcon;
				CODE_SIGNING_ALLOWED = NO;
				CODE_SIGNING_REQUIRED = NO;
				CODE_SIGN_IDENTITY = "-";
				CODE_SIGN_STYLE = Automatic;
				COMBINE_HIDPI_IMAGES = YES;
				CURRENT_PROJECT_VERSION = 1;
				ENABLE_HARDENED_RUNTIME = NO;
				GENERATE_INFOPLIST_FILE = NO;
				INFOPLIST_FILE = App/Info.plist;
				INFOPLIST_KEY_LSApplicationCategoryType = "public.app-category.productivity";
				LD_RUNPATH_SEARCH_PATHS = (
					"$(inherited)",
					"@executable_path/../Frameworks",
				);
				MARKETING_VERSION = 1.0;
				PRODUCT_BUNDLE_IDENTIFIER = com.moondream.mac;
				SDKROOT = macosx;
				SWIFT_VERSION = 6.0;
			};
			name = Release;
		};
		IOSDEB0100000000000001 /* Debug */ = {
			isa = XCBuildConfiguration;
			buildSettings = {
				ASSETCATALOG_COMPILER_APPICON_NAME = AppIcon;
				CODE_SIGN_ENTITLEMENTS = "App/iOS/MoondreamiOS.entitlements";
				CODE_SIGN_STYLE = Automatic;
				CURRENT_PROJECT_VERSION = 1;
				DEVELOPMENT_TEAM = E7KW4646XY;
				GENERATE_INFOPLIST_FILE = NO;
				INFOPLIST_FILE = App/iOS/Info.plist;
				INFOPLIST_KEY_LSApplicationCategoryType = "public.app-category.productivity";
				INFOPLIST_KEY_UIApplicationSceneManifest_Generation = YES;
				INFOPLIST_KEY_UIApplicationSupportsIndirectInputEvents = YES;
				INFOPLIST_KEY_UILaunchScreen_Generation = YES;
				INFOPLIST_KEY_UISupportedInterfaceOrientations_iPad = "UIInterfaceOrientationPortrait UIInterfaceOrientationPortraitUpsideDown UIInterfaceOrientationLandscapeLeft UIInterfaceOrientationLandscapeRight";
				INFOPLIST_KEY_UISupportedInterfaceOrientations_iPhone = "UIInterfaceOrientationPortrait UIInterfaceOrientationLandscapeLeft UIInterfaceOrientationLandscapeRight";
				IPHONEOS_DEPLOYMENT_TARGET = 26.0;
				LD_RUNPATH_SEARCH_PATHS = (
					"$(inherited)",
					"@executable_path/Frameworks",
				);
				MARKETING_VERSION = 1.0;
				PRODUCT_BUNDLE_IDENTIFIER = com.moondream.ios;
				PRODUCT_NAME = Moondream;
				SDKROOT = iphoneos;
				SWIFT_EMIT_LOC_STRINGS = YES;
				SWIFT_VERSION = 6.0;
				TARGETED_DEVICE_FAMILY = "1,2";
			};
			name = Debug;
		};
		IOSREL0100000000000001 /* Release */ = {
			isa = XCBuildConfiguration;
			buildSettings = {
				ASSETCATALOG_COMPILER_APPICON_NAME = AppIcon;
				CODE_SIGN_ENTITLEMENTS = "App/iOS/MoondreamiOS.entitlements";
				CODE_SIGN_STYLE = Automatic;
				CURRENT_PROJECT_VERSION = 1;
				DEVELOPMENT_TEAM = E7KW4646XY;
				GENERATE_INFOPLIST_FILE = NO;
				INFOPLIST_FILE = App/iOS/Info.plist;
				INFOPLIST_KEY_LSApplicationCategoryType = "public.app-category.productivity";
				INFOPLIST_KEY_UIApplicationSceneManifest_Generation = YES;
				INFOPLIST_KEY_UIApplicationSupportsIndirectInputEvents = YES;
				INFOPLIST_KEY_UILaunchScreen_Generation = YES;
				INFOPLIST_KEY_UISupportedInterfaceOrientations_iPad = "UIInterfaceOrientationPortrait UIInterfaceOrientationPortraitUpsideDown UIInterfaceOrientationLandscapeLeft UIInterfaceOrientationLandscapeRight";
				INFOPLIST_KEY_UISupportedInterfaceOrientations_iPhone = "UIInterfaceOrientationPortrait UIInterfaceOrientationLandscapeLeft UIInterfaceOrientationLandscapeRight";
				IPHONEOS_DEPLOYMENT_TARGET = 26.0;
				LD_RUNPATH_SEARCH_PATHS = (
					"$(inherited)",
					"@executable_path/Frameworks",
				);
				MARKETING_VERSION = 1.0;
				PRODUCT_BUNDLE_IDENTIFIER = com.moondream.ios;
				PRODUCT_NAME = Moondream;
				SDKROOT = iphoneos;
				SWIFT_EMIT_LOC_STRINGS = YES;
				SWIFT_VERSION = 6.0;
				TARGETED_DEVICE_FAMILY = "1,2";
				VALIDATE_PRODUCT = YES;
			};
			name = Release;
		};
/* End XCBuildConfiguration section */

/* Begin XCConfigurationList section */
		0D2F9ED1B3A34212B3146281 /* Build configuration list for PBXNativeTarget "MoondreamMac" */ = {
			isa = XCConfigurationList;
			buildConfigurations = (
				30FF2466F21FC06A25A150F1 /* Debug */,
				8D9EB1B0311E1EB8323DB150 /* Release */,
			);
			defaultConfigurationIsVisible = 0;
			defaultConfigurationName = Debug;
		};
		7E8F53E540D29BC4BB697A2D /* Build configuration list for PBXProject "Moondream" */ = {
			isa = XCConfigurationList;
			buildConfigurations = (
				554FB15C1A85043540A8C3BC /* Debug */,
				69A2ED51D5A73549E894D90D /* Release */,
			);
			defaultConfigurationIsVisible = 0;
			defaultConfigurationName = Debug;
		};
		IOSCFG0100000000000001 /* Build configuration list for PBXNativeTarget "Moondream-iOS" */ = {
			isa = XCConfigurationList;
			buildConfigurations = (
				IOSDEB0100000000000001 /* Debug */,
				IOSREL0100000000000001 /* Release */,
			);
			defaultConfigurationIsVisible = 0;
			defaultConfigurationName = Debug;
		};
/* End XCConfigurationList section */

/* Begin XCLocalSwiftPackageReference section */
		MDKIT001000000000000001 /* XCLocalSwiftPackageReference "../MoondreamKit" */ = {
			isa = XCLocalSwiftPackageReference;
			relativePath = ../MoondreamKit;
		};
/* End XCLocalSwiftPackageReference section */

/* Begin XCRemoteSwiftPackageReference section */
		AA000001000000000000001A /* XCRemoteSwiftPackageReference "mlx-swift" */ = {
			isa = XCRemoteSwiftPackageReference;
			repositoryURL = "https://github.com/ml-explore/mlx-swift.git";
			requirement = {
				kind = upToNextMajorVersion;
				minimumVersion = 0.21.0;
			};
		};
		AA000001000000000000001B /* XCRemoteSwiftPackageReference "mlx-swift-examples" */ = {
			isa = XCRemoteSwiftPackageReference;
			repositoryURL = "https://github.com/ml-explore/mlx-swift-examples.git";
			requirement = {
				kind = upToNextMajorVersion;
				minimumVersion = 2.21.0;
			};
		};
		AA000001000000000000001C /* XCRemoteSwiftPackageReference "swift-transformers" */ = {
			isa = XCRemoteSwiftPackageReference;
			repositoryURL = "https://github.com/huggingface/swift-transformers.git";
			requirement = {
				kind = upToNextMajorVersion;
				minimumVersion = 1.0.0;
			};
		};
/* End XCRemoteSwiftPackageReference section */

/* Begin XCSwiftPackageProductDependency section */
		AA000002000000000000001A /* MLX */ = {
			isa = XCSwiftPackageProductDependency;
			package = AA000001000000000000001A /* XCRemoteSwiftPackageReference "mlx-swift" */;
			productName = MLX;
		};
		AA000002000000000000001B /* MLXNN */ = {
			isa = XCSwiftPackageProductDependency;
			package = AA000001000000000000001A /* XCRemoteSwiftPackageReference "mlx-swift" */;
			productName = MLXNN;
		};
		AA000002000000000000001C /* MLXRandom */ = {
			isa = XCSwiftPackageProductDependency;
			package = AA000001000000000000001A /* XCRemoteSwiftPackageReference "mlx-swift" */;
			productName = MLXRandom;
		};
		AA000002000000000000001D /* MLXFast */ = {
			isa = XCSwiftPackageProductDependency;
			package = AA000001000000000000001A /* XCRemoteSwiftPackageReference "mlx-swift" */;
			productName = MLXFast;
		};
		AA000002000000000000001E /* MLXVLM */ = {
			isa = XCSwiftPackageProductDependency;
			package = AA000001000000000000001B /* XCRemoteSwiftPackageReference "mlx-swift-examples" */;
			productName = MLXVLM;
		};
		AA000002000000000000001F /* MLXLMCommon */ = {
			isa = XCSwiftPackageProductDependency;
			package = AA000001000000000000001B /* XCRemoteSwiftPackageReference "mlx-swift-examples" */;
			productName = MLXLMCommon;
		};
		AA000002000000000000002A /* Hub */ = {
			isa = XCSwiftPackageProductDependency;
			package = AA000001000000000000001C /* XCRemoteSwiftPackageReference "swift-transformers" */;
			productName = Hub;
		};
		AA000002000000000000002B /* Tokenizers */ = {
			isa = XCSwiftPackageProductDependency;
			package = AA000001000000000000001C /* XCRemoteSwiftPackageReference "swift-transformers" */;
			productName = Tokenizers;
		};
		IOSPKG0100000000000001 /* MLX */ = {
			isa = XCSwiftPackageProductDependency;
			package = AA000001000000000000001A /* XCRemoteSwiftPackageReference "mlx-swift" */;
			productName = MLX;
		};
		IOSPKG0100000000000002 /* MLXNN */ = {
			isa = XCSwiftPackageProductDependency;
			package = AA000001000000000000001A /* XCRemoteSwiftPackageReference "mlx-swift" */;
			productName = MLXNN;
		};
		IOSPKG0100000000000003 /* MLXRandom */ = {
			isa = XCSwiftPackageProductDependency;
			package = AA000001000000000000001A /* XCRemoteSwiftPackageReference "mlx-swift" */;
			productName = MLXRandom;
		};
		IOSPKG0100000000000004 /* MLXFast */ = {
			isa = XCSwiftPackageProductDependency;
			package = AA000001000000000000001A /* XCRemoteSwiftPackageReference "mlx-swift" */;
			productName = MLXFast;
		};
		IOSPKG0100000000000005 /* MLXVLM */ = {
			isa = XCSwiftPackageProductDependency;
			package = AA000001000000000000001B /* XCRemoteSwiftPackageReference "mlx-swift-examples" */;
			productName = MLXVLM;
		};
		IOSPKG0100000000000006 /* MLXLMCommon */ = {
			isa = XCSwiftPackageProductDependency;
			package = AA000001000000000000001B /* XCRemoteSwiftPackageReference "mlx-swift-examples" */;
			productName = MLXLMCommon;
		};
		IOSPKG0100000000000007 /* Hub */ = {
			isa = XCSwiftPackageProductDependency;
			package = AA000001000000000000001C /* XCRemoteSwiftPackageReference "swift-transformers" */;
			productName = Hub;
		};
		IOSPKG0100000000000008 /* Tokenizers */ = {
			isa = XCSwiftPackageProductDependency;
			package = AA000001000000000000001C /* XCRemoteSwiftPackageReference "swift-transformers" */;
			productName = Tokenizers;
		};
		MDKIT002000000000000001 /* MoondreamKit */ = {
			isa = XCSwiftPackageProductDependency;
			productName = MoondreamKit;
		};
		MDKIT002000000000000002 /* MoondreamKit */ = {
			isa = XCSwiftPackageProductDependency;
			productName = MoondreamKit;
		};
/* End XCSwiftPackageProductDependency section */
	};
	rootObject = C2BBD80D9B75FF591807768F /* Project object */;
}
